
Microsoft Visual Studio Solution File, Format Version 12.00
# Visual Studio Version 18
VisualStudioVersion = 18.4.11605.240 stable
MinimumVisualStudioVersion = 10.0.40219.1
Project("{9A19103F-16F7-4668-BE54-9A1E7A4F7556}") = "Frontend", "3dTesting\Frontend.csproj", "{035F226A-F07C-44F1-87CF-5B35A3351108}"
EndProject
Project("{2150E333-8FDC-42A3-9474-1A3956D46DE8}") = "Solution Items", "Solution Items", "{098E60BA-0020-4ECE-B255-925164831E12}"
	ProjectSection(SolutionItems) = preProject
		.gitignore = .gitignore
	EndProjectSection
EndProject
Project("{9A19103F-16F7-4668-BE54-9A1E7A4F7556}") = "3dSpesifics", "3dRotations\3dSpesifics.csproj", "{DEE6A875-DA07-4B8F-8D17-7158CF17334E}"
EndProject
Project("{9A19103F-16F7-4668-BE54-9A1E7A4F7556}") = "GameAiAndControls", "GameAi\GameAiAndControls.csproj", "{F5594282-CC6B-415B-855B-C940DDF54AD0}"
EndProject
Project("{9A19103F-16F7-4668-BE54-9A1E7A4F7556}") = "Domain", "Domain\Domain.csproj", "{D5F25B1D-887E-4601-AC03-6B0182D5B48A}"
EndProject
Project("{9A19103F-16F7-4668-BE54-9A1E7A4F7556}") = "3DSpesificsUnitTests", "3DSpesificsUnitTests\3DSpesificsUnitTests.csproj", "{36DEC7E9-CCED-4ED7-974E-5C95CBBD1492}"
EndProject
Project("{FAE04EC0-301F-11D3-BF4B-00C04F79EFBC}") = "CommonUtilities", "CommonUtilities\CommonUtilities.csproj", "{8D3F087E-742C-403A-97F2-E95BA74595D5}"
EndProject
Project("{FAE04EC0-301F-11D3-BF4B-00C04F79EFBC}") = "GameAudio", "GameAudio\GameAudio.csproj", "{568C8E62-ADEF-4FDF-B7A6-27FF04A3F293}"
EndProject
Project("{FAE04EC0-301F-11D3-BF4B-00C04F79EFBC}") = "BenchmarkSuite", "BenchmarkSuite1\BenchmarkSuite.csproj", "{A20861A9-411E-6150-BF5C-69E8196E5D22}"
EndProject
Project("{FAE04EC0-301F-11D3-BF4B-00C04F79EFBC}") = "BenchmarkSuite4", "BenchmarkSuite4\BenchmarkSuite4.csproj", "{58DE2B95-B7E5-3E9C-F1E8-6D24C25A34E0}"
EndProject
Project("{FAE04EC0-301F-11D3-BF4B-00C04F79EFBC}") = "BenchmarkSuite5", "BenchmarkSuite5\BenchmarkSuite5.csproj", "{37B623E5-D4BD-F358-DE58-EC4F4693BA45}"
EndProject
Global
	GlobalSection(SolutionConfigurationPlatforms) = preSolution
		Debug|Any CPU = Debug|Any CPU
		Release|Any CPU = Release|Any CPU
	EndGlobalSection
	GlobalSection(ProjectConfigurationPlatforms) = postSolution
		{035F226A-F07C-44F1-87CF-5B35A3351108}.Debug|Any CPU.ActiveCfg = Debug|Any CPU
		{035F226A-F07C-44F1-87CF-5B35A3351108}.Debug|Any CPU.Build.0 = Debug|Any CPU
		{035F226A-F07C-44F1-87CF-5B35A3351108}.Release|Any CPU.ActiveCfg = Release|Any CPU
		{035F226A-F07C-44F1-87CF-5B35A3351108}.Release|Any CPU.Build.0 = Release|Any CPU
		{DEE6A875-DA07-4B8F-8D17-7158CF17334E}.Debug|Any CPU.ActiveCfg = Debug|Any CPU
		{DEE6A875-DA07-4B8F-8D17-7158CF17334E}.Debug|Any CPU.Build.0 = Debug|Any CPU
		{DEE6A875-DA07-4B8F-8D17-7158CF17334E}.Release|Any CPU.ActiveCfg = Release|Any CPU
		{DEE6A875-DA07-4B8F-8D17-7158CF17334E}.Release|Any CPU.Build.0 = Release|Any CPU
		{F5594282-CC6B-415B-855B-C940DDF54AD0}.Debug|Any CPU.ActiveCfg = Debug|Any CPU
		{F5594282-CC6B-415B-855B-C940DDF54AD0}.Debug|Any CPU.Build.0 = Debug|Any CPU
		{F5594282-CC6B-415B-855B-C940DDF54AD0}.Release|Any CPU.ActiveCfg = Release|Any CPU
		{F5594282-CC6B-415B-855B-C940DDF54AD0}.Release|Any CPU.Build.0 = Release|Any CPU
		{D5F25B1D-887E-4601-AC03-6B0182D5B48A}.Debug|Any CPU.ActiveCfg = Debug|Any CPU
		{D5F25B1D-887E-4601-AC03-6B0182D5B48A}.Debug|Any CPU.Build.0 = Debug|Any CPU
		{D5F25B1D-887E-4601-AC03-6B0182D5B48A}.Release|Any CPU.ActiveCfg = Release|Any CPU
		{D5F25B1D-887E-4601-AC03-6B0182D5B48A}.Release|Any CPU.Build.0 = Release|Any CPU
		{36DEC7E9-CCED-4ED7-974E-5C95CBBD1492}.Debug|Any CPU.ActiveCfg = Debug|Any CPU
		{36DEC7E9-CCED-4ED7-974E-5C95CBBD1492}.Debug|Any CPU.Build.0 = Debug|Any CPU
		{36DEC7E9-CCED-4ED7-974E-5C95CBBD1492}.Release|Any CPU.ActiveCfg = Release|Any CPU
		{36DEC7E9-CCED-4ED7-974E-5C95CBBD1492}.Release|Any CPU.Build.0 = Release|Any CPU
		{8D3F087E-742C-403A-97F2-E95BA74595D5}.Debug|Any CPU.ActiveCfg = Debug|Any CPU
		{8D3F087E-742C-403A-97F2-E95BA74595D5}.Debug|Any CPU.Build.0 = Debug|Any CPU
		{8D3F087E-742C-403A-97F2-E95BA74595D5}.Release|Any CPU.ActiveCfg = Release|Any CPU
		{8D3F087E-742C-403A-97F2-E95BA74595D5}.Release|Any CPU.Build.0 = Release|Any CPU
		{568C8E62-ADEF-4FDF-B7A6-27FF04A3F293}.Debug|Any CPU.ActiveCfg = Debug|Any CPU
		{568C8E62-ADEF-4FDF-B7A6-27FF04A3F293}.Debug|Any CPU.Build.0 = Debug|Any CPU
		{568C8E62-ADEF-4FDF-B7A6-27FF04A3F293}.Release|Any CPU.ActiveCfg = Release|Any CPU
		{568C8E62-ADEF-4FDF-B7A6-27FF04A3F293}.Release|Any CPU.Build.0 = Release|Any CPU
		{A20861A9-411E-6150-BF5C-69E8196E5D22}.Debug|Any CPU.ActiveCfg = Debug|Any CPU
		{A20861A9-411E-6150-BF5C-69E8196E5D22}.Debug|Any CPU.Build.0 = Debug|Any CPU
		{A20861A9-411E-6150-BF5C-69E8196E5D22}.Release|Any CPU.ActiveCfg = Release|Any CPU
		{A20861A9-411E-6150-BF5C-69E8196E5D22}.Release|Any CPU.Build.0 = Release|Any CPU
		{58DE2B95-B7E5-3E9C-F1E8-6D24C25A34E0}.Debug|Any CPU.ActiveCfg = Debug|Any CPU
		{58DE2B95-B7E5-3E9C-F1E8-6D24C25A34E0}.Debug|Any CPU.Build.0 = Debug|Any CPU
		{58DE2B95-B7E5-3E9C-F1E8-6D24C25A34E0}.Release|Any CPU.ActiveCfg = Release|Any CPU
		{58DE2B95-B7E5-3E9C-F1E8-6D24C25A34E0}.Release|Any CPU.Build.0 = Release|Any CPU
		{37B623E5-D4BD-F358-DE58-EC4F4693BA45}.Debug|Any CPU.ActiveCfg = Debug|Any CPU
		{37B623E5-D4BD-F358-DE58-EC4F4693BA45}.Debug|Any CPU.Build.0 = Debug|Any CPU
		{37B623E5-D4BD-F358-DE58-EC4F4693BA45}.Release|Any CPU.ActiveCfg = Release|Any CPU
		{37B623E5-D4BD-F358-DE58-EC4F4693BA45}.Release|Any CPU.Build.0 = Release|Any CPU
	EndGlobalSection
	GlobalSection(SolutionProperties) = preSolution
		HideSolutionNode = FALSE
	EndGlobalSection
	GlobalSection(ExtensibilityGlobals) = postSolution
		SolutionGuid = {D0FB331A-D25C-4489-91FD-0CE6A5770893}
	EndGlobalSection
EndGlobal
